// !$*UTF8*$!
{
	archiveVersion = 1;
	classes = {
	};
	objectVersion = 56;
	objects = {

/* Begin PBXBuildFile section */
		D70053442A480AF00092B971 /* correct.mp3 in Resources */ = {isa = PBXBuildFile; fileRef = D70053432A480AF00092B971 /* correct.mp3 */; };
		D70053462A480AF70092B971 /* incorrect.mp3 in Resources */ = {isa = PBXBuildFile; fileRef = D70053452A480AF70092B971 /* incorrect.mp3 */; };
		D700534C2A4968890092B971 /* LogiQUIZ-tr.png in Resources */ = {isa = PBXBuildFile; fileRef = D700534B2A4968890092B971 /* LogiQUIZ-tr.png */; };
		D700534E2A49688E0092B971 /* LogiQUIZ.png in Resources */ = {isa = PBXBuildFile; fileRef = D700534D2A49688E0092B971 /* LogiQUIZ.png */; };
		D70553E52A98BBAA00CBB2F9 /* WrongQuiz.swift in Sources */ = {isa = PBXBuildFile; fileRef = D70553E42A98BBAA00CBB2F9 /* WrongQuiz.swift */; };
		D70A85DA2A2A52930056198F /* QuizViewController.swift in Sources */ = {isa = PBXBuildFile; fileRef = D70A85D92A2A52920056198F /* QuizViewController.swift */; };
		D719FECF2A14D18F00802417 /* Quiz1.csv in Resources */ = {isa = PBXBuildFile; fileRef = D719FECE2A14D18F00802417 /* Quiz1.csv */; };
		D719FED52A152B4600802417 /* SelectPartViewController.swift in Sources */ = {isa = PBXBuildFile; fileRef = D719FED42A152B4500802417 /* SelectPartViewController.swift */; };
		D719FED72A152F7000802417 /* Quiz2.csv in Resources */ = {isa = PBXBuildFile; fileRef = D719FED62A152F7000802417 /* Quiz2.csv */; };
		D719FED92A1531B000802417 /* Quiz3.csv in Resources */ = {isa = PBXBuildFile; fileRef = D719FED82A1531B000802417 /* Quiz3.csv */; };
		D7320A7B2A137D91000D605C /* AppDelegate.swift in Sources */ = {isa = PBXBuildFile; fileRef = D7320A7A2A137D91000D605C /* AppDelegate.swift */; };
		D7320A7D2A137D91000D605C /* SceneDelegate.swift in Sources */ = {isa = PBXBuildFile; fileRef = D7320A7C2A137D91000D605C /* SceneDelegate.swift */; };
		D7320A7F2A137D91000D605C /* StartViewController.swift in Sources */ = {isa = PBXBuildFile; fileRef = D7320A7E2A137D91000D605C /* StartViewController.swift */; };
		D7320A842A137D97000D605C /* Assets.xcassets in Resources */ = {isa = PBXBuildFile; fileRef = D7320A832A137D97000D605C /* Assets.xcassets */; };
		D7320A872A137D97000D605C /* LaunchScreen.storyboard in Resources */ = {isa = PBXBuildFile; fileRef = D7320A852A137D97000D605C /* LaunchScreen.storyboard */; };
		D7320A912A138107000D605C /* ScoreViewController.swift in Sources */ = {isa = PBXBuildFile; fileRef = D7320A902A138107000D605C /* ScoreViewController.swift */; };
		D744EF3F2A430B99006B70EF /* correct.png in Resources */ = {isa = PBXBuildFile; fileRef = D744EF3E2A430B99006B70EF /* correct.png */; };
		D744EF412A430BA2006B70EF /* incorrect.png in Resources */ = {isa = PBXBuildFile; fileRef = D744EF402A430BA2006B70EF /* incorrect.png */; };
		D76300662A7F67BE00BD24DC /* StartViewController.xib in Resources */ = {isa = PBXBuildFile; fileRef = D76300652A7F67BE00BD24DC /* StartViewController.xib */; };
		D763006A2A7F6E2500BD24DC /* SelectPartViewController.xib in Resources */ = {isa = PBXBuildFile; fileRef = D76300692A7F6E2500BD24DC /* SelectPartViewController.xib */; };
		D763006C2A7F6ED100BD24DC /* QuizViewController.xib in Resources */ = {isa = PBXBuildFile; fileRef = D763006B2A7F6ED100BD24DC /* QuizViewController.xib */; };
		D763006E2A7F70D500BD24DC /* ScoreViewController.xib in Resources */ = {isa = PBXBuildFile; fileRef = D763006D2A7F70D500BD24DC /* ScoreViewController.xib */; };
		D77751652A5E2869001093FD /* QuizModel.swift in Sources */ = {isa = PBXBuildFile; fileRef = D77751642A5E2869001093FD /* QuizModel.swift */; };
		D77751672A5E28CD001093FD /* QuizViewModel.swift in Sources */ = {isa = PBXBuildFile; fileRef = D77751662A5E28CD001093FD /* QuizViewModel.swift */; };
		D7E6460F2A6926CF00511457 /* SoundURL.swift in Sources */ = {isa = PBXBuildFile; fileRef = D7E6460E2A6926CF00511457 /* SoundURL.swift */; };
		D7E646112A69272200511457 /* Player.swift in Sources */ = {isa = PBXBuildFile; fileRef = D7E646102A69272200511457 /* Player.swift */; };
		D7E646132A69277700511457 /* Images.swift in Sources */ = {isa = PBXBuildFile; fileRef = D7E646122A69277700511457 /* Images.swift */; };
		D7E646152A6927CC00511457 /* Feedback.swift in Sources */ = {isa = PBXBuildFile; fileRef = D7E646142A6927CC00511457 /* Feedback.swift */; };
/* End PBXBuildFile section */

/* Begin PBXFileReference section */
		D70053432A480AF00092B971 /* correct.mp3 */ = {isa = PBXFileReference; lastKnownFileType = audio.mp3; path = correct.mp3; sourceTree = "<group>"; };
		D70053452A480AF70092B971 /* incorrect.mp3 */ = {isa = PBXFileReference; lastKnownFileType = audio.mp3; path = incorrect.mp3; sourceTree = "<group>"; };
		D700534B2A4968890092B971 /* LogiQUIZ-tr.png */ = {isa = PBXFileReference; lastKnownFileType = image.png; path = "LogiQUIZ-tr.png"; sourceTree = "<group>"; };
		D700534D2A49688E0092B971 /* LogiQUIZ.png */ = {isa = PBXFileReference; lastKnownFileType = image.png; path = LogiQUIZ.png; sourceTree = "<group>"; };
		D70553E42A98BBAA00CBB2F9 /* WrongQuiz.swift */ = {isa = PBXFileReference; lastKnownFileType = sourcecode.swift; path = WrongQuiz.swift; sourceTree = "<group>"; };
		D70A85D92A2A52920056198F /* QuizViewController.swift */ = {isa = PBXFileReference; fileEncoding = 4; lastKnownFileType = sourcecode.swift; path = QuizViewController.swift; sourceTree = "<group>"; };
		D719FECE2A14D18F00802417 /* Quiz1.csv */ = {isa = PBXFileReference; lastKnownFileType = text; path = Quiz1.csv; sourceTree = "<group>"; };
		D719FED42A152B4500802417 /* SelectPartViewController.swift */ = {isa = PBXFileReference; lastKnownFileType = sourcecode.swift; path = SelectPartViewController.swift; sourceTree = "<group>"; };
		D719FED62A152F7000802417 /* Quiz2.csv */ = {isa = PBXFileReference; lastKnownFileType = text; path = Quiz2.csv; sourceTree = "<group>"; };
		D719FED82A1531B000802417 /* Quiz3.csv */ = {isa = PBXFileReference; lastKnownFileType = text; path = Quiz3.csv; sourceTree = "<group>"; };
		D7320A772A137D91000D605C /* LogiQuiz.app */ = {isa = PBXFileReference; explicitFileType = wrapper.application; includeInIndex = 0; path = LogiQuiz.app; sourceTree = BUILT_PRODUCTS_DIR; };
		D7320A7A2A137D91000D605C /* AppDelegate.swift */ = {isa = PBXFileReference; lastKnownFileType = sourcecode.swift; path = AppDelegate.swift; sourceTree = "<group>"; };
		D7320A7C2A137D91000D605C /* SceneDelegate.swift */ = {isa = PBXFileReference; lastKnownFileType = sourcecode.swift; path = SceneDelegate.swift; sourceTree = "<group>"; };
		D7320A7E2A137D91000D605C /* StartViewController.swift */ = {isa = PBXFileReference; lastKnownFileType = sourcecode.swift; path = StartViewController.swift; sourceTree = "<group>"; };
		D7320A832A137D97000D605C /* Assets.xcassets */ = {isa = PBXFileReference; lastKnownFileType = folder.assetcatalog; path = Assets.xcassets; sourceTree = "<group>"; };
		D7320A862A137D97000D605C /* Base */ = {isa = PBXFileReference; lastKnownFileType = file.storyboard; name = Base; path = Base.lproj/LaunchScreen.storyboard; sourceTree = "<group>"; };
		D7320A882A137D97000D605C /* Info.plist */ = {isa = PBXFileReference; lastKnownFileType = text.plist.xml; path = Info.plist; sourceTree = "<group>"; };
		D7320A902A138107000D605C /* ScoreViewController.swift */ = {isa = PBXFileReference; lastKnownFileType = sourcecode.swift; path = ScoreViewController.swift; sourceTree = "<group>"; };
		D744EF3E2A430B99006B70EF /* correct.png */ = {isa = PBXFileReference; lastKnownFileType = image.png; path = correct.png; sourceTree = "<group>"; };
		D744EF402A430BA2006B70EF /* incorrect.png */ = {isa = PBXFileReference; lastKnownFileType = image.png; path = incorrect.png; sourceTree = "<group>"; };
		D76300652A7F67BE00BD24DC /* StartViewController.xib */ = {isa = PBXFileReference; lastKnownFileType = file.xib; path = StartViewController.xib; sourceTree = "<group>"; };
		D76300692A7F6E2500BD24DC /* SelectPartViewController.xib */ = {isa = PBXFileReference; lastKnownFileType = file.xib; path = SelectPartViewController.xib; sourceTree = "<group>"; };
		D763006B2A7F6ED100BD24DC /* QuizViewController.xib */ = {isa = PBXFileReference; lastKnownFileType = file.xib; path = QuizViewController.xib; sourceTree = "<group>"; };
		D763006D2A7F70D500BD24DC /* ScoreViewController.xib */ = {isa = PBXFileReference; lastKnownFileType = file.xib; path = ScoreViewController.xib; sourceTree = "<group>"; };
		D77751642A5E2869001093FD /* QuizModel.swift */ = {isa = PBXFileReference; lastKnownFileType = sourcecode.swift; path = QuizModel.swift; sourceTree = "<group>"; };
		D77751662A5E28CD001093FD /* QuizViewModel.swift */ = {isa = PBXFileReference; lastKnownFileType = sourcecode.swift; path = QuizViewModel.swift; sourceTree = "<group>"; };
		D7E6460E2A6926CF00511457 /* SoundURL.swift */ = {isa = PBXFileReference; lastKnownFileType = sourcecode.swift; path = SoundURL.swift; sourceTree = "<group>"; };
		D7E646102A69272200511457 /* Player.swift */ = {isa = PBXFileReference; lastKnownFileType = sourcecode.swift; path = Player.swift; sourceTree = "<group>"; };
		D7E646122A69277700511457 /* Images.swift */ = {isa = PBXFileReference; lastKnownFileType = sourcecode.swift; path = Images.swift; sourceTree = "<group>"; };
		D7E646142A6927CC00511457 /* Feedback.swift */ = {isa = PBXFileReference; lastKnownFileType = sourcecode.swift; path = Feedback.swift; sourceTree = "<group>"; };
/* End PBXFileReference section */

/* Begin PBXFrameworksBuildPhase section */
		D7320A742A137D91000D605C /* Frameworks */ = {
			isa = PBXFrameworksBuildPhase;
			buildActionMask = 2147483647;
			files = (
			);
			runOnlyForDeploymentPostprocessing = 0;
		};
/* End PBXFrameworksBuildPhase section */

/* Begin PBXGroup section */
		D7320A6E2A137D91000D605C = {
			isa = PBXGroup;
			children = (
				D7320A792A137D91000D605C /* LogiQuiz */,
				D7320A782A137D91000D605C /* Products */,
			);
			sourceTree = "<group>";
		};
		D7320A782A137D91000D605C /* Products */ = {
			isa = PBXGroup;
			children = (
				D7320A772A137D91000D605C /* LogiQuiz.app */,
			);
			name = Products;
			sourceTree = "<group>";
		};
		D7320A792A137D91000D605C /* LogiQuiz */ = {
			isa = PBXGroup;
			children = (
				D7320A7E2A137D91000D605C /* StartViewController.swift */,
				D76300652A7F67BE00BD24DC /* StartViewController.xib */,
				D719FED42A152B4500802417 /* SelectPartViewController.swift */,
				D76300692A7F6E2500BD24DC /* SelectPartViewController.xib */,
				D70A85D92A2A52920056198F /* QuizViewController.swift */,
				D763006B2A7F6ED100BD24DC /* QuizViewController.xib */,
				D7320A902A138107000D605C /* ScoreViewController.swift */,
				D763006D2A7F70D500BD24DC /* ScoreViewController.xib */,
				D77751642A5E2869001093FD /* QuizModel.swift */,
				D70553E42A98BBAA00CBB2F9 /* WrongQuiz.swift */,
				D77751662A5E28CD001093FD /* QuizViewModel.swift */,
				D7E6460E2A6926CF00511457 /* SoundURL.swift */,
				D7E646102A69272200511457 /* Player.swift */,
				D7E646122A69277700511457 /* Images.swift */,
				D7E646142A6927CC00511457 /* Feedback.swift */,
				D7320A7A2A137D91000D605C /* AppDelegate.swift */,
				D7320A7C2A137D91000D605C /* SceneDelegate.swift */,
				D719FECE2A14D18F00802417 /* Quiz1.csv */,
				D719FED62A152F7000802417 /* Quiz2.csv */,
				D719FED82A1531B000802417 /* Quiz3.csv */,
				D7320A832A137D97000D605C /* Assets.xcassets */,
				D7320A852A137D97000D605C /* LaunchScreen.storyboard */,
				D744EF3E2A430B99006B70EF /* correct.png */,
				D744EF402A430BA2006B70EF /* incorrect.png */,
				D7320A882A137D97000D605C /* Info.plist */,
				D70053432A480AF00092B971 /* correct.mp3 */,
				D70053452A480AF70092B971 /* incorrect.mp3 */,
				D700534B2A4968890092B971 /* LogiQUIZ-tr.png */,
				D700534D2A49688E0092B971 /* LogiQUIZ.png */,
			);
			path = LogiQuiz;
			sourceTree = "<group>";
		};
/* End PBXGroup section */

/* Begin PBXNativeTarget section */
		D7320A762A137D91000D605C /* LogiQuiz */ = {
			isa = PBXNativeTarget;
			buildConfigurationList = D7320A8B2A137D97000D605C /* Build configuration list for PBXNativeTarget "LogiQuiz" */;
			buildPhases = (
				D7320A732A137D91000D605C /* Sources */,
				D7320A742A137D91000D605C /* Frameworks */,
				D7320A752A137D91000D605C /* Resources */,
			);
			buildRules = (
			);
			dependencies = (
			);
			name = LogiQuiz;
			productName = LogiQuiz;
			productReference = D7320A772A137D91000D605C /* LogiQuiz.app */;
			productType = "com.apple.product-type.application";
		};
/* End PBXNativeTarget section */

/* Begin PBXProject section */
		D7320A6F2A137D91000D605C /* Project object */ = {
			isa = PBXProject;
			attributes = {
				BuildIndependentTargetsInParallel = 1;
				LastSwiftUpdateCheck = 1420;
				LastUpgradeCheck = 1420;
				TargetAttributes = {
					D7320A762A137D91000D605C = {
						CreatedOnToolsVersion = 14.2;
					};
				};
			};
			buildConfigurationList = D7320A722A137D91000D605C /* Build configuration list for PBXProject "LogiQuiz" */;
			compatibilityVersion = "Xcode 14.0";
			developmentRegion = en;
			hasScannedForEncodings = 0;
			knownRegions = (
				en,
				Base,
			);
			mainGroup = D7320A6E2A137D91000D605C;
			productRefGroup = D7320A782A137D91000D605C /* Products */;
			projectDirPath = "";
			projectRoot = "";
			targets = (
				D7320A762A137D91000D605C /* LogiQuiz */,
			);
		};
/* End PBXProject section */

/* Begin PBXResourcesBuildPhase section */
		D7320A752A137D91000D605C /* Resources */ = {
			isa = PBXResourcesBuildPhase;
			buildActionMask = 2147483647;
			files = (
				D70053442A480AF00092B971 /* correct.mp3 in Resources */,
				D744EF3F2A430B99006B70EF /* correct.png in Resources */,
				D7320A872A137D97000D605C /* LaunchScreen.storyboard in Resources */,
				D763006E2A7F70D500BD24DC /* ScoreViewController.xib in Resources */,
				D719FED72A152F7000802417 /* Quiz2.csv in Resources */,
				D7320A842A137D97000D605C /* Assets.xcassets in Resources */,
				D763006C2A7F6ED100BD24DC /* QuizViewController.xib in Resources */,
				D763006A2A7F6E2500BD24DC /* SelectPartViewController.xib in Resources */,
				D719FECF2A14D18F00802417 /* Quiz1.csv in Resources */,
				D744EF412A430BA2006B70EF /* incorrect.png in Resources */,
				D700534C2A4968890092B971 /* LogiQUIZ-tr.png in Resources */,
				D70053462A480AF70092B971 /* incorrect.mp3 in Resources */,
				D719FED92A1531B000802417 /* Quiz3.csv in Resources */,
				D76300662A7F67BE00BD24DC /* StartViewController.xib in Resources */,
				D700534E2A49688E0092B971 /* LogiQUIZ.png in Resources */,
			);
			runOnlyForDeploymentPostprocessing = 0;
		};
/* End PBXResourcesBuildPhase section */

/* Begin PBXSourcesBuildPhase section */
		D7320A732A137D91000D605C /* Sources */ = {
			isa = PBXSourcesBuildPhase;
			buildActionMask = 2147483647;
			files = (
				D7320A7F2A137D91000D605C /* StartViewController.swift in Sources */,
				D7320A7B2A137D91000D605C /* AppDelegate.swift in Sources */,
				D70553E52A98BBAA00CBB2F9 /* WrongQuiz.swift in Sources */,
				D7E646152A6927CC00511457 /* Feedback.swift in Sources */,
				D7320A912A138107000D605C /* ScoreViewController.swift in Sources */,
				D7E646132A69277700511457 /* Images.swift in Sources */,
				D77751672A5E28CD001093FD /* QuizViewModel.swift in Sources */,
				D70A85DA2A2A52930056198F /* QuizViewController.swift in Sources */,
				D7320A7D2A137D91000D605C /* SceneDelegate.swift in Sources */,
				D7E6460F2A6926CF00511457 /* SoundURL.swift in Sources */,
				D77751652A5E2869001093FD /* QuizModel.swift in Sources */,
				D7E646112A69272200511457 /* Player.swift in Sources */,
				D719FED52A152B4600802417 /* SelectPartViewController.swift in Sources */,
			);
			runOnlyForDeploymentPostprocessing = 0;
		};
/* End PBXSourcesBuildPhase section */

/* Begin PBXVariantGroup section */
		D7320A852A137D97000D605C /* LaunchScreen.storyboard */ = {
			isa = PBXVariantGroup;
			children = (
				D7320A862A137D97000D605C /* Base */,
			);
			name = LaunchScreen.storyboard;
			sourceTree = "<group>";
		};
/* End PBXVariantGroup section */

/* Begin XCBuildConfiguration section */
		D7320A892A137D97000D605C /* Debug */ = {
			isa = XCBuildConfiguration;
			buildSettings = {
				ALWAYS_SEARCH_USER_PATHS = NO;
				CLANG_ANALYZER_NONNULL = YES;
				CLANG_ANALYZER_NUMBER_OBJECT_CONVERSION = YES_AGGRESSIVE;
				CLANG_CXX_LANGUAGE_STANDARD = "gnu++20";
				CLANG_ENABLE_MODULES = YES;
				CLANG_ENABLE_OBJC_ARC = YES;
				CLANG_ENABLE_OBJC_WEAK = YES;
				CLANG_WARN_BLOCK_CAPTURE_AUTORELEASING = YES;
				CLANG_WARN_BOOL_CONVERSION = YES;
				CLANG_WARN_COMMA = YES;
				CLANG_WARN_CONSTANT_CONVERSION = YES;
				CLANG_WARN_DEPRECATED_OBJC_IMPLEMENTATIONS = YES;
				CLANG_WARN_DIRECT_OBJC_ISA_USAGE = YES_ERROR;
				CLANG_WARN_DOCUMENTATION_COMMENTS = YES;
				CLANG_WARN_EMPTY_BODY = YES;
				CLANG_WARN_ENUM_CONVERSION = YES;
				CLANG_WARN_INFINITE_RECURSION = YES;
				CLANG_WARN_INT_CONVERSION = YES;
				CLANG_WARN_NON_LITERAL_NULL_CONVERSION = YES;
				CLANG_WARN_OBJC_IMPLICIT_RETAIN_SELF = YES;
				CLANG_WARN_OBJC_LITERAL_CONVERSION = YES;
				CLANG_WARN_OBJC_ROOT_CLASS = YES_ERROR;
				CLANG_WARN_QUOTED_INCLUDE_IN_FRAMEWORK_HEADER = YES;
				CLANG_WARN_RANGE_LOOP_ANALYSIS = YES;
				CLANG_WARN_STRICT_PROTOTYPES = YES;
				CLANG_WARN_SUSPICIOUS_MOVE = YES;
				CLANG_WARN_UNGUARDED_AVAILABILITY = YES_AGGRESSIVE;
				CLANG_WARN_UNREACHABLE_CODE = YES;
				CLANG_WARN__DUPLICATE_METHOD_MATCH = YES;
				COPY_PHASE_STRIP = NO;
				DEBUG_INFORMATION_FORMAT = dwarf;
				ENABLE_STRICT_OBJC_MSGSEND = YES;
				ENABLE_TESTABILITY = YES;
				GCC_C_LANGUAGE_STANDARD = gnu11;
				GCC_DYNAMIC_NO_PIC = NO;
				GCC_NO_COMMON_BLOCKS = YES;
				GCC_OPTIMIZATION_LEVEL = 0;
				GCC_PREPROCESSOR_DEFINITIONS = (
					"DEBUG=1",
					"$(inherited)",
				);
				GCC_WARN_64_TO_32_BIT_CONVERSION = YES;
				GCC_WARN_ABOUT_RETURN_TYPE = YES_ERROR;
				GCC_WARN_UNDECLARED_SELECTOR = YES;
				GCC_WARN_UNINITIALIZED_AUTOS = YES_AGGRESSIVE;
				GCC_WARN_UNUSED_FUNCTION = YES;
				GCC_WARN_UNUSED_VARIABLE = YES;
				IPHONEOS_DEPLOYMENT_TARGET = 16.2;
				MTL_ENABLE_DEBUG_INFO = INCLUDE_SOURCE;
				MTL_FAST_MATH = YES;
				ONLY_ACTIVE_ARCH = YES;
				SDKROOT = iphoneos;
				SWIFT_ACTIVE_COMPILATION_CONDITIONS = DEBUG;
				SWIFT_OPTIMIZATION_LEVEL = "-Onone";
			};
			name = Debug;
		};
		D7320A8A2A137D97000D605C /* Release */ = {
			isa = XCBuildConfiguration;
			buildSettings = {
				ALWAYS_SEARCH_USER_PATHS = NO;
				CLANG_ANALYZER_NONNULL = YES;
				CLANG_ANALYZER_NUMBER_OBJECT_CONVERSION = YES_AGGRESSIVE;
				CLANG_CXX_LANGUAGE_STANDARD = "gnu++20";
				CLANG_ENABLE_MODULES = YES;
				CLANG_ENABLE_OBJC_ARC = YES;
				CLANG_ENABLE_OBJC_WEAK = YES;
				CLANG_WARN_BLOCK_CAPTURE_AUTORELEASING = YES;
				CLANG_WARN_BOOL_CONVERSION = YES;
				CLANG_WARN_COMMA = YES;
				CLANG_WARN_CONSTANT_CONVERSION = YES;
				CLANG_WARN_DEPRECATED_OBJC_IMPLEMENTATIONS = YES;
				CLANG_WARN_DIRECT_OBJC_ISA_USAGE = YES_ERROR;
				CLANG_WARN_DOCUMENTATION_COMMENTS = YES;
				CLANG_WARN_EMPTY_BODY = YES;
				CLANG_WARN_ENUM_CONVERSION = YES;
				CLANG_WARN_INFINITE_RECURSION = YES;
				CLANG_WARN_INT_CONVERSION = YES;
				CLANG_WARN_NON_LITERAL_NULL_CONVERSION = YES;
				CLANG_WARN_OBJC_IMPLICIT_RETAIN_SELF = YES;
				CLANG_WARN_OBJC_LITERAL_CONVERSION = YES;
				CLANG_WARN_OBJC_ROOT_CLASS = YES_ERROR;
				CLANG_WARN_QUOTED_INCLUDE_IN_FRAMEWORK_HEADER = YES;
				CLANG_WARN_RANGE_LOOP_ANALYSIS = YES;
				CLANG_WARN_STRICT_PROTOTYPES = YES;
				CLANG_WARN_SUSPICIOUS_MOVE = YES;
				CLANG_WARN_UNGUARDED_AVAILABILITY = YES_AGGRESSIVE;
				CLANG_WARN_UNREACHABLE_CODE = YES;
				CLANG_WARN__DUPLICATE_METHOD_MATCH = YES;
				COPY_PHASE_STRIP = NO;
				DEBUG_INFORMATION_FORMAT = "dwarf-with-dsym";
				ENABLE_NS_ASSERTIONS = NO;
				ENABLE_STRICT_OBJC_MSGSEND = YES;
				GCC_C_LANGUAGE_STANDARD = gnu11;
				GCC_NO_COMMON_BLOCKS = YES;
				GCC_WARN_64_TO_32_BIT_CONVERSION = YES;
				GCC_WARN_ABOUT_RETURN_TYPE = YES_ERROR;
				GCC_WARN_UNDECLARED_SELECTOR = YES;
				GCC_WARN_UNINITIALIZED_AUTOS = YES_AGGRESSIVE;
				GCC_WARN_UNUSED_FUNCTION = YES;
				GCC_WARN_UNUSED_VARIABLE = YES;
				IPHONEOS_DEPLOYMENT_TARGET = 16.2;
				MTL_ENABLE_DEBUG_INFO = NO;
				MTL_FAST_MATH = YES;
				SDKROOT = iphoneos;
				SWIFT_COMPILATION_MODE = wholemodule;
				SWIFT_OPTIMIZATION_LEVEL = "-O";
				VALIDATE_PRODUCT = YES;
			};
			name = Release;
		};
		D7320A8C2A137D97000D605C /* Debug */ = {
			isa = XCBuildConfiguration;
			buildSettings = {
				ASSETCATALOG_COMPILER_APPICON_NAME = AppIcon;
				ASSETCATALOG_COMPILER_GLOBAL_ACCENT_COLOR_NAME = AccentColor;
				CODE_SIGN_STYLE = Automatic;
				CURRENT_PROJECT_VERSION = 1;
				DEVELOPMENT_TEAM = L3D4Z8K2KX;
				GENERATE_INFOPLIST_FILE = YES;
				INFOPLIST_FILE = LogiQuiz/Info.plist;
				INFOPLIST_KEY_CFBundleDisplayName = LogiQuiz;
				INFOPLIST_KEY_LSApplicationCategoryType = Light;
				INFOPLIST_KEY_UIApplicationSupportsIndirectInputEvents = YES;
				INFOPLIST_KEY_UILaunchStoryboardName = LaunchScreen;
				INFOPLIST_KEY_UIStatusBarStyle = "";
				INFOPLIST_KEY_UISupportedInterfaceOrientations = "\"\" UIInterfaceOrientationPortrait";
				INFOPLIST_KEY_UISupportedInterfaceOrientations_iPad = UIInterfaceOrientationPortrait;
				INFOPLIST_KEY_UIUserInterfaceStyle = Light;
				LD_RUNPATH_SEARCH_PATHS = (
					"$(inherited)",
					"@executable_path/Frameworks",
				);
				MARKETING_VERSION = 1.0;
				PRODUCT_BUNDLE_IDENTIFIER = com.fujiken.LogiQuiz;
				PRODUCT_NAME = "$(TARGET_NAME)";
				SUPPORTED_PLATFORMS = "iphoneos iphonesimulator";
				SUPPORTS_MACCATALYST = NO;
				SUPPORTS_MAC_DESIGNED_FOR_IPHONE_IPAD = NO;
				SWIFT_EMIT_LOC_STRINGS = YES;
				SWIFT_VERSION = 5.0;
				TARGETED_DEVICE_FAMILY = 1;
			};
			name = Debug;
		};
		D7320A8D2A137D97000D605C /* Release */ = {
			isa = XCBuildConfiguration;
			buildSettings = {
				ASSETCATALOG_COMPILER_APPICON_NAME = AppIcon;
				ASSETCATALOG_COMPILER_GLOBAL_ACCENT_COLOR_NAME = AccentColor;
				CODE_SIGN_STYLE = Automatic;
				CURRENT_PROJECT_VERSION = 1;
				DEVELOPMENT_TEAM = L3D4Z8K2KX;
				GENERATE_INFOPLIST_FILE = YES;
				INFOPLIST_FILE = LogiQuiz/Info.plist;
				INFOPLIST_KEY_CFBundleDisplayName = LogiQuiz;
				INFOPLIST_KEY_LSApplicationCategoryType = Light;
				INFOPLIST_KEY_UIApplicationSupportsIndirectInputEvents = YES;
				INFOPLIST_KEY_UILaunchStoryboardName = LaunchScreen;
				INFOPLIST_KEY_UIStatusBarStyle = "";
				INFOPLIST_KEY_UISupportedInterfaceOrientations = "\"\" UIInterfaceOrientationPortrait";
				INFOPLIST_KEY_UISupportedInterfaceOrientations_iPad = UIInterfaceOrientationPortrait;
				INFOPLIST_KEY_UIUserInterfaceStyle = Light;
				LD_RUNPATH_SEARCH_PATHS = (
					"$(inherited)",
					"@executable_path/Frameworks",
				);
				MARKETING_VERSION = 1.0;
				PRODUCT_BUNDLE_IDENTIFIER = com.fujiken.LogiQuiz;
				PRODUCT_NAME = "$(TARGET_NAME)";
				SUPPORTED_PLATFORMS = "iphoneos iphonesimulator";
				SUPPORTS_MACCATALYST = NO;
				SUPPORTS_MAC_DESIGNED_FOR_IPHONE_IPAD = NO;
				SWIFT_EMIT_LOC_STRINGS = YES;
				SWIFT_VERSION = 5.0;
				TARGETED_DEVICE_FAMILY = 1;
			};
			name = Release;
		};
/* End XCBuildConfiguration section */

/* Begin XCConfigurationList section */
		D7320A722A137D91000D605C /* Build configuration list for PBXProject "LogiQuiz" */ = {
			isa = XCConfigurationList;
			buildConfigurations = (
				D7320A892A137D97000D605C /* Debug */,
				D7320A8A2A137D97000D605C /* Release */,
			);
			defaultConfigurationIsVisible = 0;
			defaultConfigurationName = Release;
		};
		D7320A8B2A137D97000D605C /* Build configuration list for PBXNativeTarget "LogiQuiz" */ = {
			isa = XCConfigurationList;
			buildConfigurations = (
				D7320A8C2A137D97000D605C /* Debug */,
				D7320A8D2A137D97000D605C /* Release */,
			);
			defaultConfigurationIsVisible = 0;
			defaultConfigurationName = Release;
		};
/* End XCConfigurationList section */
	};
	rootObject = D7320A6F2A137D91000D605C /* Project object */;
}
